// !$*UTF8*$!
{
	archiveVersion = 1;
	classes = {
	};
	objectVersion = 46;
	objects = {

/* Begin PBXBuildFile section */
		1213038F1D3B92DB00C0EE93 /* AftershipClient+CreateTrackings.swift in Sources */ = {isa = PBXBuildFile; fileRef = 1213038E1D3B92DB00C0EE93 /* AftershipClient+CreateTrackings.swift */; };
		121303911D3B96AB00C0EE93 /* Metadata.swift in Sources */ = {isa = PBXBuildFile; fileRef = 121303901D3B96AB00C0EE93 /* Metadata.swift */; };
		1213039C1D3B974C00C0EE93 /* NSURLComponentsTest.swift in Sources */ = {isa = PBXBuildFile; fileRef = 121303951D3B974C00C0EE93 /* NSURLComponentsTest.swift */; };
		1213039D1D3B974C00C0EE93 /* StringTest.swift in Sources */ = {isa = PBXBuildFile; fileRef = 121303961D3B974C00C0EE93 /* StringTest.swift */; };
		1213039E1D3B974C00C0EE93 /* CheckPointTest.swift in Sources */ = {isa = PBXBuildFile; fileRef = 121303981D3B974C00C0EE93 /* CheckPointTest.swift */; };
		1213039F1D3B974C00C0EE93 /* MetadataTest.swift in Sources */ = {isa = PBXBuildFile; fileRef = 121303991D3B974C00C0EE93 /* MetadataTest.swift */; };
		121303A01D3B974C00C0EE93 /* ResponseTest.swift in Sources */ = {isa = PBXBuildFile; fileRef = 1213039A1D3B974C00C0EE93 /* ResponseTest.swift */; };
		121303A11D3B974C00C0EE93 /* TrackingStatusTest.swift in Sources */ = {isa = PBXBuildFile; fileRef = 1213039B1D3B974C00C0EE93 /* TrackingStatusTest.swift */; };
		121303A41D3C695600C0EE93 /* ExponentialBackoff.swift in Sources */ = {isa = PBXBuildFile; fileRef = 121303A31D3C695600C0EE93 /* ExponentialBackoff.swift */; };
		121303A61D3C6A1700C0EE93 /* ExponentialBackoffTest.swift in Sources */ = {isa = PBXBuildFile; fileRef = 121303A51D3C6A1700C0EE93 /* ExponentialBackoffTest.swift */; };
		121303A81D3CC5D200C0EE93 /* AftershipClientTest+RateLimit.swift in Sources */ = {isa = PBXBuildFile; fileRef = 121303A71D3CC5D200C0EE93 /* AftershipClientTest+RateLimit.swift */; };
		121303AC1D3CD19A00C0EE93 /* AftershipClientTest+ExponentialBackoff.swift in Sources */ = {isa = PBXBuildFile; fileRef = 121303AB1D3CD19A00C0EE93 /* AftershipClientTest+ExponentialBackoff.swift */; };
		121303AE1D3CE48700C0EE93 /* AftershipClientTest+CreateTracking.swift in Sources */ = {isa = PBXBuildFile; fileRef = 121303AD1D3CE48700C0EE93 /* AftershipClientTest+CreateTracking.swift */; };
		121303B11D3CE7C400C0EE93 /* Demo_CreateTracking_Request_Body.json in Resources */ = {isa = PBXBuildFile; fileRef = 121303AF1D3CE7C400C0EE93 /* Demo_CreateTracking_Request_Body.json */; };
		121303B21D3CE7C400C0EE93 /* Demo_CreateTracking_Response_Body.json in Resources */ = {isa = PBXBuildFile; fileRef = 121303B01D3CE7C400C0EE93 /* Demo_CreateTracking_Response_Body.json */; };
		121303B81D3D0DCE00C0EE93 /* ErrorRequestAgent.swift in Sources */ = {isa = PBXBuildFile; fileRef = 121303B71D3D0DCE00C0EE93 /* ErrorRequestAgent.swift */; };
		121303BA1D3D0DE200C0EE93 /* MockRequestAgent.swift in Sources */ = {isa = PBXBuildFile; fileRef = 121303B91D3D0DE200C0EE93 /* MockRequestAgent.swift */; };
		121303BC1D3D0EAF00C0EE93 /* AftershipAssert.swift in Sources */ = {isa = PBXBuildFile; fileRef = 121303BB1D3D0EAF00C0EE93 /* AftershipAssert.swift */; };
		121303BF1D3D128300C0EE93 /* RequestAgent.swift in Sources */ = {isa = PBXBuildFile; fileRef = 121303BD1D3D125000C0EE93 /* RequestAgent.swift */; };
		121303C41D3D1F6700C0EE93 /* RateLimit.swift in Sources */ = {isa = PBXBuildFile; fileRef = 121303C01D3D1F3B00C0EE93 /* RateLimit.swift */; };
		121303C51D3D1F6700C0EE93 /* Delay.swift in Sources */ = {isa = PBXBuildFile; fileRef = 121303C21D3D1F5000C0EE93 /* Delay.swift */; };
		122ECD7B1D38D4C6000CD05E /* AftershipClientTest.swift in Sources */ = {isa = PBXBuildFile; fileRef = 122ECD7A1D38D4C6000CD05E /* AftershipClientTest.swift */; };
		122ECD801D38E563000CD05E /* String+Extension.swift in Sources */ = {isa = PBXBuildFile; fileRef = 122ECD7F1D38E563000CD05E /* String+Extension.swift */; };
		122ECD821D38E5B4000CD05E /* NSURLComponents+Extension.swift in Sources */ = {isa = PBXBuildFile; fileRef = 122ECD811D38E5B4000CD05E /* NSURLComponents+Extension.swift */; };
		122ECD841D38E5D4000CD05E /* NSMutableURLRequest+Extension.swift in Sources */ = {isa = PBXBuildFile; fileRef = 122ECD831D38E5D4000CD05E /* NSMutableURLRequest+Extension.swift */; };
		122ECD8B1D38E87D000CD05E /* Checkpoint.swift in Sources */ = {isa = PBXBuildFile; fileRef = 122ECD881D38E87D000CD05E /* Checkpoint.swift */; };
		122ECD8C1D38E87D000CD05E /* Tracking.swift in Sources */ = {isa = PBXBuildFile; fileRef = 122ECD891D38E87D000CD05E /* Tracking.swift */; };
		122ECD8D1D38E87D000CD05E /* TrackingStatus.swift in Sources */ = {isa = PBXBuildFile; fileRef = 122ECD8A1D38E87D000CD05E /* TrackingStatus.swift */; };
		122ECD911D38F8F3000CD05E /* AftershipClient.swift in Sources */ = {isa = PBXBuildFile; fileRef = 122ECD901D38F8F3000CD05E /* AftershipClient.swift */; };
		122ECD941D38F954000CD05E /* AftershipClient+GetTrackings.swift in Sources */ = {isa = PBXBuildFile; fileRef = 122ECD931D38F954000CD05E /* AftershipClient+GetTrackings.swift */; };
		122ECD9A1D39E385000CD05E /* Response.swift in Sources */ = {isa = PBXBuildFile; fileRef = 122ECD991D39E385000CD05E /* Response.swift */; };
		122ECD9C1D39E62A000CD05E /* Demo_GetTracking.json in Resources */ = {isa = PBXBuildFile; fileRef = 122ECD9B1D39E62A000CD05E /* Demo_GetTracking.json */; };
		12BD1DFD1D3B4441002B3C6E /* AftershipClientTest+GetTracking.swift in Sources */ = {isa = PBXBuildFile; fileRef = 12BD1DFC1D3B4441002B3C6E /* AftershipClientTest+GetTracking.swift */; };
		12D562001D379083006C1399 /* aftership.h in Headers */ = {isa = PBXBuildFile; fileRef = 12D561FF1D379083006C1399 /* aftership.h */; settings = {ATTRIBUTES = (Public, ); }; };
		12D562071D379083006C1399 /* AfterShipRestKit.framework in Frameworks */ = {isa = PBXBuildFile; fileRef = 12D561FC1D379083006C1399 /* AfterShipRestKit.framework */; };
/* End PBXBuildFile section */

/* Begin PBXContainerItemProxy section */
		12D562081D379083006C1399 /* PBXContainerItemProxy */ = {
			isa = PBXContainerItemProxy;
			containerPortal = 12D561F31D379083006C1399 /* Project object */;
			proxyType = 1;
			remoteGlobalIDString = 12D561FB1D379083006C1399;
			remoteInfo = aftership;
		};
/* End PBXContainerItemProxy section */

/* Begin PBXFileReference section */
		1213038E1D3B92DB00C0EE93 /* AftershipClient+CreateTrackings.swift */ = {isa = PBXFileReference; fileEncoding = 4; lastKnownFileType = sourcecode.swift; path = "AftershipClient+CreateTrackings.swift"; sourceTree = "<group>"; };
		121303901D3B96AB00C0EE93 /* Metadata.swift */ = {isa = PBXFileReference; fileEncoding = 4; lastKnownFileType = sourcecode.swift; path = Metadata.swift; sourceTree = "<group>"; };
		121303951D3B974C00C0EE93 /* NSURLComponentsTest.swift */ = {isa = PBXFileReference; fileEncoding = 4; lastKnownFileType = sourcecode.swift; path = NSURLComponentsTest.swift; sourceTree = "<group>"; };
		121303961D3B974C00C0EE93 /* StringTest.swift */ = {isa = PBXFileReference; fileEncoding = 4; lastKnownFileType = sourcecode.swift; path = StringTest.swift; sourceTree = "<group>"; };
		121303981D3B974C00C0EE93 /* CheckPointTest.swift */ = {isa = PBXFileReference; fileEncoding = 4; lastKnownFileType = sourcecode.swift; path = CheckPointTest.swift; sourceTree = "<group>"; };
		121303991D3B974C00C0EE93 /* MetadataTest.swift */ = {isa = PBXFileReference; fileEncoding = 4; lastKnownFileType = sourcecode.swift; path = MetadataTest.swift; sourceTree = "<group>"; };
		1213039A1D3B974C00C0EE93 /* ResponseTest.swift */ = {isa = PBXFileReference; fileEncoding = 4; lastKnownFileType = sourcecode.swift; path = ResponseTest.swift; sourceTree = "<group>"; };
		1213039B1D3B974C00C0EE93 /* TrackingStatusTest.swift */ = {isa = PBXFileReference; fileEncoding = 4; lastKnownFileType = sourcecode.swift; path = TrackingStatusTest.swift; sourceTree = "<group>"; };
		121303A31D3C695600C0EE93 /* ExponentialBackoff.swift */ = {isa = PBXFileReference; fileEncoding = 4; lastKnownFileType = sourcecode.swift; path = ExponentialBackoff.swift; sourceTree = "<group>"; };
		121303A51D3C6A1700C0EE93 /* ExponentialBackoffTest.swift */ = {isa = PBXFileReference; fileEncoding = 4; lastKnownFileType = sourcecode.swift; path = ExponentialBackoffTest.swift; sourceTree = "<group>"; };
		121303A71D3CC5D200C0EE93 /* AftershipClientTest+RateLimit.swift */ = {isa = PBXFileReference; fileEncoding = 4; lastKnownFileType = sourcecode.swift; path = "AftershipClientTest+RateLimit.swift"; sourceTree = "<group>"; };
		121303AB1D3CD19A00C0EE93 /* AftershipClientTest+ExponentialBackoff.swift */ = {isa = PBXFileReference; fileEncoding = 4; lastKnownFileType = sourcecode.swift; lineEnding = 0; path = "AftershipClientTest+ExponentialBackoff.swift"; sourceTree = "<group>"; xcLanguageSpecificationIdentifier = xcode.lang.swift; };
		121303AD1D3CE48700C0EE93 /* AftershipClientTest+CreateTracking.swift */ = {isa = PBXFileReference; fileEncoding = 4; lastKnownFileType = sourcecode.swift; path = "AftershipClientTest+CreateTracking.swift"; sourceTree = "<group>"; };
		121303AF1D3CE7C400C0EE93 /* Demo_CreateTracking_Request_Body.json */ = {isa = PBXFileReference; fileEncoding = 4; lastKnownFileType = text.json; path = Demo_CreateTracking_Request_Body.json; sourceTree = "<group>"; };
		121303B01D3CE7C400C0EE93 /* Demo_CreateTracking_Response_Body.json */ = {isa = PBXFileReference; fileEncoding = 4; lastKnownFileType = text.json; path = Demo_CreateTracking_Response_Body.json; sourceTree = "<group>"; };
		121303B71D3D0DCE00C0EE93 /* ErrorRequestAgent.swift */ = {isa = PBXFileReference; fileEncoding = 4; lastKnownFileType = sourcecode.swift; lineEnding = 0; path = ErrorRequestAgent.swift; sourceTree = "<group>"; xcLanguageSpecificationIdentifier = xcode.lang.swift; };
		121303B91D3D0DE200C0EE93 /* MockRequestAgent.swift */ = {isa = PBXFileReference; fileEncoding = 4; lastKnownFileType = sourcecode.swift; lineEnding = 0; path = MockRequestAgent.swift; sourceTree = "<group>"; xcLanguageSpecificationIdentifier = xcode.lang.swift; };
		121303BB1D3D0EAF00C0EE93 /* AftershipAssert.swift */ = {isa = PBXFileReference; fileEncoding = 4; lastKnownFileType = sourcecode.swift; path = AftershipAssert.swift; sourceTree = "<group>"; };
		121303BD1D3D125000C0EE93 /* RequestAgent.swift */ = {isa = PBXFileReference; fileEncoding = 4; lastKnownFileType = sourcecode.swift; path = RequestAgent.swift; sourceTree = "<group>"; };
		121303C01D3D1F3B00C0EE93 /* RateLimit.swift */ = {isa = PBXFileReference; fileEncoding = 4; lastKnownFileType = sourcecode.swift; path = RateLimit.swift; sourceTree = "<group>"; };
		121303C21D3D1F5000C0EE93 /* Delay.swift */ = {isa = PBXFileReference; fileEncoding = 4; lastKnownFileType = sourcecode.swift; path = Delay.swift; sourceTree = "<group>"; };
		122ECD7A1D38D4C6000CD05E /* AftershipClientTest.swift */ = {isa = PBXFileReference; fileEncoding = 4; lastKnownFileType = sourcecode.swift; lineEnding = 0; path = AftershipClientTest.swift; sourceTree = "<group>"; xcLanguageSpecificationIdentifier = xcode.lang.swift; };
		122ECD7F1D38E563000CD05E /* String+Extension.swift */ = {isa = PBXFileReference; fileEncoding = 4; lastKnownFileType = sourcecode.swift; path = "String+Extension.swift"; sourceTree = "<group>"; };
		122ECD811D38E5B4000CD05E /* NSURLComponents+Extension.swift */ = {isa = PBXFileReference; fileEncoding = 4; lastKnownFileType = sourcecode.swift; path = "NSURLComponents+Extension.swift"; sourceTree = "<group>"; };
		122ECD831D38E5D4000CD05E /* NSMutableURLRequest+Extension.swift */ = {isa = PBXFileReference; fileEncoding = 4; lastKnownFileType = sourcecode.swift; path = "NSMutableURLRequest+Extension.swift"; sourceTree = "<group>"; };
		122ECD881D38E87D000CD05E /* Checkpoint.swift */ = {isa = PBXFileReference; fileEncoding = 4; lastKnownFileType = sourcecode.swift; path = Checkpoint.swift; sourceTree = "<group>"; };
		122ECD891D38E87D000CD05E /* Tracking.swift */ = {isa = PBXFileReference; fileEncoding = 4; lastKnownFileType = sourcecode.swift; path = Tracking.swift; sourceTree = "<group>"; };
		122ECD8A1D38E87D000CD05E /* TrackingStatus.swift */ = {isa = PBXFileReference; fileEncoding = 4; lastKnownFileType = sourcecode.swift; path = TrackingStatus.swift; sourceTree = "<group>"; };
		122ECD901D38F8F3000CD05E /* AftershipClient.swift */ = {isa = PBXFileReference; fileEncoding = 4; lastKnownFileType = sourcecode.swift; lineEnding = 0; path = AftershipClient.swift; sourceTree = "<group>"; xcLanguageSpecificationIdentifier = xcode.lang.swift; };
		122ECD931D38F954000CD05E /* AftershipClient+GetTrackings.swift */ = {isa = PBXFileReference; fileEncoding = 4; lastKnownFileType = sourcecode.swift; path = "AftershipClient+GetTrackings.swift"; sourceTree = "<group>"; };
		122ECD991D39E385000CD05E /* Response.swift */ = {isa = PBXFileReference; fileEncoding = 4; lastKnownFileType = sourcecode.swift; path = Response.swift; sourceTree = "<group>"; };
		122ECD9B1D39E62A000CD05E /* Demo_GetTracking.json */ = {isa = PBXFileReference; fileEncoding = 4; lastKnownFileType = text.json; path = Demo_GetTracking.json; sourceTree = "<group>"; };
		12BD1DFC1D3B4441002B3C6E /* AftershipClientTest+GetTracking.swift */ = {isa = PBXFileReference; fileEncoding = 4; lastKnownFileType = sourcecode.swift; path = "AftershipClientTest+GetTracking.swift"; sourceTree = "<group>"; };
		12D561FC1D379083006C1399 /* AfterShipRestKit.framework */ = {isa = PBXFileReference; explicitFileType = wrapper.framework; includeInIndex = 0; path = AfterShipRestKit.framework; sourceTree = BUILT_PRODUCTS_DIR; };
		12D561FF1D379083006C1399 /* aftership.h */ = {isa = PBXFileReference; lastKnownFileType = sourcecode.c.h; path = aftership.h; sourceTree = "<group>"; };
		12D562011D379083006C1399 /* Info.plist */ = {isa = PBXFileReference; lastKnownFileType = text.plist.xml; path = Info.plist; sourceTree = "<group>"; };
		12D562061D379083006C1399 /* aftershipTests.xctest */ = {isa = PBXFileReference; explicitFileType = wrapper.cfbundle; includeInIndex = 0; path = aftershipTests.xctest; sourceTree = BUILT_PRODUCTS_DIR; };
		12D5620D1D379083006C1399 /* Info.plist */ = {isa = PBXFileReference; lastKnownFileType = text.plist.xml; path = Info.plist; sourceTree = "<group>"; };
/* End PBXFileReference section */

/* Begin PBXFrameworksBuildPhase section */
		12D561F81D379083006C1399 /* Frameworks */ = {
			isa = PBXFrameworksBuildPhase;
			buildActionMask = 2147483647;
			files = (
			);
			runOnlyForDeploymentPostprocessing = 0;
		};
		12D562031D379083006C1399 /* Frameworks */ = {
			isa = PBXFrameworksBuildPhase;
			buildActionMask = 2147483647;
			files = (
				12D562071D379083006C1399 /* AfterShipRestKit.framework in Frameworks */,
			);
			runOnlyForDeploymentPostprocessing = 0;
		};
/* End PBXFrameworksBuildPhase section */

/* Begin PBXGroup section */
		121303941D3B974C00C0EE93 /* extensions */ = {
			isa = PBXGroup;
			children = (
				121303951D3B974C00C0EE93 /* NSURLComponentsTest.swift */,
				121303961D3B974C00C0EE93 /* StringTest.swift */,
			);
			path = extensions;
			sourceTree = "<group>";
		};
		121303971D3B974C00C0EE93 /* model */ = {
			isa = PBXGroup;
			children = (
				121303981D3B974C00C0EE93 /* CheckPointTest.swift */,
				121303991D3B974C00C0EE93 /* MetadataTest.swift */,
				1213039A1D3B974C00C0EE93 /* ResponseTest.swift */,
				1213039B1D3B974C00C0EE93 /* TrackingStatusTest.swift */,
			);
			path = model;
			sourceTree = "<group>";
		};
		121303A21D3C690900C0EE93 /* utility */ = {
			isa = PBXGroup;
			children = (
				121303A31D3C695600C0EE93 /* ExponentialBackoff.swift */,
				121303C21D3D1F5000C0EE93 /* Delay.swift */,
			);
			path = utility;
			sourceTree = "<group>";
		};
		121303B61D3D0DC300C0EE93 /* testHelper */ = {
			isa = PBXGroup;
			children = (
				121303B71D3D0DCE00C0EE93 /* ErrorRequestAgent.swift */,
				121303B91D3D0DE200C0EE93 /* MockRequestAgent.swift */,
				121303BB1D3D0EAF00C0EE93 /* AftershipAssert.swift */,
			);
			path = testHelper;
			sourceTree = "<group>";
		};
		122ECD7E1D38E53B000CD05E /* extensions */ = {
			isa = PBXGroup;
			children = (
				122ECD7F1D38E563000CD05E /* String+Extension.swift */,
				122ECD811D38E5B4000CD05E /* NSURLComponents+Extension.swift */,
				122ECD831D38E5D4000CD05E /* NSMutableURLRequest+Extension.swift */,
			);
			path = extensions;
			sourceTree = "<group>";
		};
		122ECD871D38E87D000CD05E /* model */ = {
			isa = PBXGroup;
			children = (
				122ECD881D38E87D000CD05E /* Checkpoint.swift */,
				122ECD891D38E87D000CD05E /* Tracking.swift */,
				122ECD8A1D38E87D000CD05E /* TrackingStatus.swift */,
				122ECD991D39E385000CD05E /* Response.swift */,
				121303901D3B96AB00C0EE93 /* Metadata.swift */,
			);
			path = model;
			sourceTree = "<group>";
		};
		122ECD8F1D38F8F3000CD05E /* client */ = {
			isa = PBXGroup;
			children = (
				122ECD901D38F8F3000CD05E /* AftershipClient.swift */,
				121303BD1D3D125000C0EE93 /* RequestAgent.swift */,
				121303C01D3D1F3B00C0EE93 /* RateLimit.swift */,
				122ECD921D38F917000CD05E /* Trackings */,
			);
			path = client;
			sourceTree = "<group>";
		};
		122ECD921D38F917000CD05E /* Trackings */ = {
			isa = PBXGroup;
			children = (
				122ECD931D38F954000CD05E /* AftershipClient+GetTrackings.swift */,
				1213038E1D3B92DB00C0EE93 /* AftershipClient+CreateTrackings.swift */,
			);
			path = Trackings;
			sourceTree = "<group>";
		};
		12D561F21D379083006C1399 = {
			isa = PBXGroup;
			children = (
				12D561FE1D379083006C1399 /* aftership */,
				12D5620A1D379083006C1399 /* aftershipTests */,
				12D561FD1D379083006C1399 /* Products */,
			);
			sourceTree = "<group>";
		};
		12D561FD1D379083006C1399 /* Products */ = {
			isa = PBXGroup;
			children = (
				12D561FC1D379083006C1399 /* AfterShipRestKit.framework */,
				12D562061D379083006C1399 /* aftershipTests.xctest */,
			);
			name = Products;
			sourceTree = "<group>";
		};
		12D561FE1D379083006C1399 /* aftership */ = {
			isa = PBXGroup;
			children = (
				12D561FF1D379083006C1399 /* aftership.h */,
				12D562011D379083006C1399 /* Info.plist */,
				122ECD8F1D38F8F3000CD05E /* client */,
				122ECD7E1D38E53B000CD05E /* extensions */,
				122ECD871D38E87D000CD05E /* model */,
				121303A21D3C690900C0EE93 /* utility */,
			);
			path = aftership;
			sourceTree = "<group>";
		};
		12D5620A1D379083006C1399 /* aftershipTests */ = {
			isa = PBXGroup;
			children = (
				121303AF1D3CE7C400C0EE93 /* Demo_CreateTracking_Request_Body.json */,
				121303B01D3CE7C400C0EE93 /* Demo_CreateTracking_Response_Body.json */,
				122ECD9B1D39E62A000CD05E /* Demo_GetTracking.json */,
				12D5620D1D379083006C1399 /* Info.plist */,
				122ECD7A1D38D4C6000CD05E /* AftershipClientTest.swift */,
				121303AD1D3CE48700C0EE93 /* AftershipClientTest+CreateTracking.swift */,
				121303AB1D3CD19A00C0EE93 /* AftershipClientTest+ExponentialBackoff.swift */,
				12BD1DFC1D3B4441002B3C6E /* AftershipClientTest+GetTracking.swift */,
				121303A71D3CC5D200C0EE93 /* AftershipClientTest+RateLimit.swift */,
				121303A51D3C6A1700C0EE93 /* ExponentialBackoffTest.swift */,
				121303941D3B974C00C0EE93 /* extensions */,
				121303971D3B974C00C0EE93 /* model */,
				121303B61D3D0DC300C0EE93 /* testHelper */,
			);
			path = aftershipTests;
			sourceTree = "<group>";
		};
/* End PBXGroup section */

/* Begin PBXHeadersBuildPhase section */
		12D561F91D379083006C1399 /* Headers */ = {
			isa = PBXHeadersBuildPhase;
			buildActionMask = 2147483647;
			files = (
				12D562001D379083006C1399 /* aftership.h in Headers */,
			);
			runOnlyForDeploymentPostprocessing = 0;
		};
/* End PBXHeadersBuildPhase section */

/* Begin PBXNativeTarget section */
		12D561FB1D379083006C1399 /* aftershipiOS */ = {
			isa = PBXNativeTarget;
			buildConfigurationList = 12D562101D379084006C1399 /* Build configuration list for PBXNativeTarget "aftershipiOS" */;
			buildPhases = (
				12D561F71D379083006C1399 /* Sources */,
				12D561F81D379083006C1399 /* Frameworks */,
				12D561F91D379083006C1399 /* Headers */,
				12D561FA1D379083006C1399 /* Resources */,
			);
			buildRules = (
			);
			dependencies = (
			);
			name = aftershipiOS;
			productName = aftership;
			productReference = 12D561FC1D379083006C1399 /* AfterShipRestKit.framework */;
			productType = "com.apple.product-type.framework";
		};
		12D562051D379083006C1399 /* aftershipTests */ = {
			isa = PBXNativeTarget;
			buildConfigurationList = 12D562131D379084006C1399 /* Build configuration list for PBXNativeTarget "aftershipTests" */;
			buildPhases = (
				12D562021D379083006C1399 /* Sources */,
				12D562031D379083006C1399 /* Frameworks */,
				12D562041D379083006C1399 /* Resources */,
			);
			buildRules = (
			);
			dependencies = (
				12D562091D379083006C1399 /* PBXTargetDependency */,
			);
			name = aftershipTests;
			productName = aftershipTests;
			productReference = 12D562061D379083006C1399 /* aftershipTests.xctest */;
			productType = "com.apple.product-type.bundle.unit-test";
		};
/* End PBXNativeTarget section */

/* Begin PBXProject section */
		12D561F31D379083006C1399 /* Project object */ = {
			isa = PBXProject;
			attributes = {
				LastSwiftUpdateCheck = 0730;
				LastUpgradeCheck = 0730;
				ORGANIZATIONNAME = kaga;
				TargetAttributes = {
					12D561FB1D379083006C1399 = {
						CreatedOnToolsVersion = 7.3.1;
					};
					12D562051D379083006C1399 = {
						CreatedOnToolsVersion = 7.3.1;
					};
				};
			};
			buildConfigurationList = 12D561F61D379083006C1399 /* Build configuration list for PBXProject "aftership" */;
			compatibilityVersion = "Xcode 3.2";
			developmentRegion = English;
			hasScannedForEncodings = 0;
			knownRegions = (
				en,
			);
			mainGroup = 12D561F21D379083006C1399;
			productRefGroup = 12D561FD1D379083006C1399 /* Products */;
			projectDirPath = "";
			projectRoot = "";
			targets = (
				12D561FB1D379083006C1399 /* aftershipiOS */,
				12D562051D379083006C1399 /* aftershipTests */,
			);
		};
/* End PBXProject section */

/* Begin PBXResourcesBuildPhase section */
		12D561FA1D379083006C1399 /* Resources */ = {
			isa = PBXResourcesBuildPhase;
			buildActionMask = 2147483647;
			files = (
			);
			runOnlyForDeploymentPostprocessing = 0;
		};
		12D562041D379083006C1399 /* Resources */ = {
			isa = PBXResourcesBuildPhase;
			buildActionMask = 2147483647;
			files = (
				122ECD9C1D39E62A000CD05E /* Demo_GetTracking.json in Resources */,
				121303B21D3CE7C400C0EE93 /* Demo_CreateTracking_Response_Body.json in Resources */,
				121303B11D3CE7C400C0EE93 /* Demo_CreateTracking_Request_Body.json in Resources */,
			);
			runOnlyForDeploymentPostprocessing = 0;
		};
/* End PBXResourcesBuildPhase section */

/* Begin PBXSourcesBuildPhase section */
		12D561F71D379083006C1399 /* Sources */ = {
			isa = PBXSourcesBuildPhase;
			buildActionMask = 2147483647;
			files = (
				1213038F1D3B92DB00C0EE93 /* AftershipClient+CreateTrackings.swift in Sources */,
				122ECD821D38E5B4000CD05E /* NSURLComponents+Extension.swift in Sources */,
				121303BF1D3D128300C0EE93 /* RequestAgent.swift in Sources */,
				121303A41D3C695600C0EE93 /* ExponentialBackoff.swift in Sources */,
				122ECD8B1D38E87D000CD05E /* Checkpoint.swift in Sources */,
				122ECD8D1D38E87D000CD05E /* TrackingStatus.swift in Sources */,
				122ECD801D38E563000CD05E /* String+Extension.swift in Sources */,
				122ECD9A1D39E385000CD05E /* Response.swift in Sources */,
				122ECD911D38F8F3000CD05E /* AftershipClient.swift in Sources */,
				121303C51D3D1F6700C0EE93 /* Delay.swift in Sources */,
				121303911D3B96AB00C0EE93 /* Metadata.swift in Sources */,
				122ECD8C1D38E87D000CD05E /* Tracking.swift in Sources */,
				121303C41D3D1F6700C0EE93 /* RateLimit.swift in Sources */,
				122ECD841D38E5D4000CD05E /* NSMutableURLRequest+Extension.swift in Sources */,
				122ECD941D38F954000CD05E /* AftershipClient+GetTrackings.swift in Sources */,
			);
			runOnlyForDeploymentPostprocessing = 0;
		};
		12D562021D379083006C1399 /* Sources */ = {
			isa = PBXSourcesBuildPhase;
			buildActionMask = 2147483647;
			files = (
				1213039F1D3B974C00C0EE93 /* MetadataTest.swift in Sources */,
				121303A61D3C6A1700C0EE93 /* ExponentialBackoffTest.swift in Sources */,
				122ECD7B1D38D4C6000CD05E /* AftershipClientTest.swift in Sources */,
				121303AC1D3CD19A00C0EE93 /* AftershipClientTest+ExponentialBackoff.swift in Sources */,
				1213039D1D3B974C00C0EE93 /* StringTest.swift in Sources */,
				121303BA1D3D0DE200C0EE93 /* MockRequestAgent.swift in Sources */,
				1213039C1D3B974C00C0EE93 /* NSURLComponentsTest.swift in Sources */,
				121303BC1D3D0EAF00C0EE93 /* AftershipAssert.swift in Sources */,
				121303B81D3D0DCE00C0EE93 /* ErrorRequestAgent.swift in Sources */,
				121303A81D3CC5D200C0EE93 /* AftershipClientTest+RateLimit.swift in Sources */,
				12BD1DFD1D3B4441002B3C6E /* AftershipClientTest+GetTracking.swift in Sources */,
				121303A01D3B974C00C0EE93 /* ResponseTest.swift in Sources */,
				1213039E1D3B974C00C0EE93 /* CheckPointTest.swift in Sources */,
				121303AE1D3CE48700C0EE93 /* AftershipClientTest+CreateTracking.swift in Sources */,
				121303A11D3B974C00C0EE93 /* TrackingStatusTest.swift in Sources */,
			);
			runOnlyForDeploymentPostprocessing = 0;
		};
/* End PBXSourcesBuildPhase section */

/* Begin PBXTargetDependency section */
		12D562091D379083006C1399 /* PBXTargetDependency */ = {
			isa = PBXTargetDependency;
			target = 12D561FB1D379083006C1399 /* aftershipiOS */;
			targetProxy = 12D562081D379083006C1399 /* PBXContainerItemProxy */;
		};
/* End PBXTargetDependency section */

/* Begin XCBuildConfiguration section */
		12D5620E1D379084006C1399 /* Debug */ = {
			isa = XCBuildConfiguration;
			buildSettings = {
				ALWAYS_SEARCH_USER_PATHS = NO;
				CLANG_ANALYZER_NONNULL = YES;
				CLANG_CXX_LANGUAGE_STANDARD = "gnu++0x";
				CLANG_CXX_LIBRARY = "libc++";
				CLANG_ENABLE_MODULES = YES;
				CLANG_ENABLE_OBJC_ARC = YES;
				CLANG_WARN_BOOL_CONVERSION = YES;
				CLANG_WARN_CONSTANT_CONVERSION = YES;
				CLANG_WARN_DIRECT_OBJC_ISA_USAGE = YES_ERROR;
				CLANG_WARN_EMPTY_BODY = YES;
				CLANG_WARN_ENUM_CONVERSION = YES;
				CLANG_WARN_INT_CONVERSION = YES;
				CLANG_WARN_OBJC_ROOT_CLASS = YES_ERROR;
				CLANG_WARN_UNREACHABLE_CODE = YES;
				CLANG_WARN__DUPLICATE_METHOD_MATCH = YES;
				"CODE_SIGN_IDENTITY[sdk=iphoneos*]" = "iPhone Developer";
				COPY_PHASE_STRIP = NO;
				CURRENT_PROJECT_VERSION = 1;
				DEBUG_INFORMATION_FORMAT = dwarf;
				ENABLE_STRICT_OBJC_MSGSEND = YES;
				ENABLE_TESTABILITY = YES;
				GCC_C_LANGUAGE_STANDARD = gnu99;
				GCC_DYNAMIC_NO_PIC = NO;
				GCC_NO_COMMON_BLOCKS = YES;
				GCC_OPTIMIZATION_LEVEL = 0;
				GCC_PREPROCESSOR_DEFINITIONS = (
					"DEBUG=1",
					"$(inherited)",
				);
				GCC_WARN_64_TO_32_BIT_CONVERSION = YES;
				GCC_WARN_ABOUT_RETURN_TYPE = YES_ERROR;
				GCC_WARN_UNDECLARED_SELECTOR = YES;
				GCC_WARN_UNINITIALIZED_AUTOS = YES_AGGRESSIVE;
				GCC_WARN_UNUSED_FUNCTION = YES;
				GCC_WARN_UNUSED_VARIABLE = YES;
				IPHONEOS_DEPLOYMENT_TARGET = 9.3;
				MTL_ENABLE_DEBUG_INFO = YES;
				ONLY_ACTIVE_ARCH = YES;
				SDKROOT = iphoneos;
				SWIFT_OPTIMIZATION_LEVEL = "-Onone";
				TARGETED_DEVICE_FAMILY = "1,2";
				VERSIONING_SYSTEM = "apple-generic";
				VERSION_INFO_PREFIX = "";
			};
			name = Debug;
		};
		12D5620F1D379084006C1399 /* Release */ = {
			isa = XCBuildConfiguration;
			buildSettings = {
				ALWAYS_SEARCH_USER_PATHS = NO;
				CLANG_ANALYZER_NONNULL = YES;
				CLANG_CXX_LANGUAGE_STANDARD = "gnu++0x";
				CLANG_CXX_LIBRARY = "libc++";
				CLANG_ENABLE_MODULES = YES;
				CLANG_ENABLE_OBJC_ARC = YES;
				CLANG_WARN_BOOL_CONVERSION = YES;
				CLANG_WARN_CONSTANT_CONVERSION = YES;
				CLANG_WARN_DIRECT_OBJC_ISA_USAGE = YES_ERROR;
				CLANG_WARN_EMPTY_BODY = YES;
				CLANG_WARN_ENUM_CONVERSION = YES;
				CLANG_WARN_INT_CONVERSION = YES;
				CLANG_WARN_OBJC_ROOT_CLASS = YES_ERROR;
				CLANG_WARN_UNREACHABLE_CODE = YES;
				CLANG_WARN__DUPLICATE_METHOD_MATCH = YES;
				"CODE_SIGN_IDENTITY[sdk=iphoneos*]" = "iPhone Developer";
				COPY_PHASE_STRIP = NO;
				CURRENT_PROJECT_VERSION = 1;
				DEBUG_INFORMATION_FORMAT = "dwarf-with-dsym";
				ENABLE_NS_ASSERTIONS = NO;
				ENABLE_STRICT_OBJC_MSGSEND = YES;
				GCC_C_LANGUAGE_STANDARD = gnu99;
				GCC_NO_COMMON_BLOCKS = YES;
				GCC_WARN_64_TO_32_BIT_CONVERSION = YES;
				GCC_WARN_ABOUT_RETURN_TYPE = YES_ERROR;
				GCC_WARN_UNDECLARED_SELECTOR = YES;
				GCC_WARN_UNINITIALIZED_AUTOS = YES_AGGRESSIVE;
				GCC_WARN_UNUSED_FUNCTION = YES;
				GCC_WARN_UNUSED_VARIABLE = YES;
				IPHONEOS_DEPLOYMENT_TARGET = 9.3;
				MTL_ENABLE_DEBUG_INFO = NO;
				SDKROOT = iphoneos;
				TARGETED_DEVICE_FAMILY = "1,2";
				VALIDATE_PRODUCT = YES;
				VERSIONING_SYSTEM = "apple-generic";
				VERSION_INFO_PREFIX = "";
			};
			name = Release;
		};
		12D562111D379084006C1399 /* Debug */ = {
			isa = XCBuildConfiguration;
			buildSettings = {
				APPLICATION_EXTENSION_API_ONLY = YES;
				CLANG_ENABLE_MODULES = YES;
				DEFINES_MODULE = YES;
				DYLIB_COMPATIBILITY_VERSION = 1;
				DYLIB_CURRENT_VERSION = 1;
				DYLIB_INSTALL_NAME_BASE = "@rpath";
				INFOPLIST_FILE = aftership/Info.plist;
				INSTALL_PATH = "$(LOCAL_LIBRARY_DIR)/Frameworks";
				IPHONEOS_DEPLOYMENT_TARGET = 9.0;
				LD_RUNPATH_SEARCH_PATHS = "$(inherited) @executable_path/Frameworks @loader_path/Frameworks";
				PRODUCT_BUNDLE_IDENTIFIER = com.aftership.sdk.restkit;
				PRODUCT_NAME = AfterShipRestKit;
				SKIP_INSTALL = YES;
				SWIFT_OPTIMIZATION_LEVEL = "-Onone";
			};
			name = Debug;
		};
		12D562121D379084006C1399 /* Release */ = {
			isa = XCBuildConfiguration;
			buildSettings = {
				APPLICATION_EXTENSION_API_ONLY = YES;
				CLANG_ENABLE_MODULES = YES;
				DEFINES_MODULE = YES;
				DYLIB_COMPATIBILITY_VERSION = 1;
				DYLIB_CURRENT_VERSION = 1;
				DYLIB_INSTALL_NAME_BASE = "@rpath";
				INFOPLIST_FILE = aftership/Info.plist;
				INSTALL_PATH = "$(LOCAL_LIBRARY_DIR)/Frameworks";
				IPHONEOS_DEPLOYMENT_TARGET = 9.0;
				LD_RUNPATH_SEARCH_PATHS = "$(inherited) @executable_path/Frameworks @loader_path/Frameworks";
				PRODUCT_BUNDLE_IDENTIFIER = com.aftership.sdk.restkit;
				PRODUCT_NAME = AfterShipRestKit;
				SKIP_INSTALL = YES;
			};
			name = Release;
		};
		12D562141D379084006C1399 /* Debug */ = {
			isa = XCBuildConfiguration;
			buildSettings = {
				INFOPLIST_FILE = aftershipTests/Info.plist;
				LD_RUNPATH_SEARCH_PATHS = "$(inherited) @executable_path/Frameworks @loader_path/Frameworks";
				PRODUCT_BUNDLE_IDENTIFIER = com.kaga.sdk.aftershipTests;
				PRODUCT_NAME = "$(TARGET_NAME)";
			};
			name = Debug;
		};
		12D562151D379084006C1399 /* Release */ = {
			isa = XCBuildConfiguration;
			buildSettings = {
				INFOPLIST_FILE = aftershipTests/Info.plist;
				LD_RUNPATH_SEARCH_PATHS = "$(inherited) @executable_path/Frameworks @loader_path/Frameworks";
				PRODUCT_BUNDLE_IDENTIFIER = com.kaga.sdk.aftershipTests;
				PRODUCT_NAME = "$(TARGET_NAME)";
			};
			name = Release;
		};
/* End XCBuildConfiguration section */

/* Begin XCConfigurationList section */
		12D561F61D379083006C1399 /* Build configuration list for PBXProject "aftership" */ = {
			isa = XCConfigurationList;
			buildConfigurations = (
				12D5620E1D379084006C1399 /* Debug */,
				12D5620F1D379084006C1399 /* Release */,
			);
			defaultConfigurationIsVisible = 0;
			defaultConfigurationName = Release;
		};
		12D562101D379084006C1399 /* Build configuration list for PBXNativeTarget "aftershipiOS" */ = {
			isa = XCConfigurationList;
			buildConfigurations = (
				12D562111D379084006C1399 /* Debug */,
				12D562121D379084006C1399 /* Release */,
			);
			defaultConfigurationIsVisible = 0;
			defaultConfigurationName = Release;
		};
		12D562131D379084006C1399 /* Build configuration list for PBXNativeTarget "aftershipTests" */ = {
			isa = XCConfigurationList;
			buildConfigurations = (
				12D562141D379084006C1399 /* Debug */,
				12D562151D379084006C1399 /* Release */,
			);
			defaultConfigurationIsVisible = 0;
			defaultConfigurationName = Release;
		};
/* End XCConfigurationList section */
	};
	rootObject = 12D561F31D379083006C1399 /* Project object */;
}
